
Microsoft Visual Studio Solution File, Format Version 12.00
# Visual Studio Version 16
VisualStudioVersion = 16.0.29424.173
MinimumVisualStudioVersion = 10.0.40219.1
Project("{FAE04EC0-301F-11D3-BF4B-00C04F79EFBC}") = "imvert", "imvert\imvert.csproj", "{9E87B6B0-8EA2-4B9F-89CB-02A2061B917B}"
EndProject
Global
	GlobalSection(SolutionConfigurationPlatforms) = preSolution
		Debug|Any CPU = Debug|Any CPU
		Release|Any CPU = Release|Any CPU
	EndGlobalSection
	GlobalSection(ProjectConfigurationPlatforms) = postSolution
		{9E87B6B0-8EA2-4B9F-89CB-02A2061B917B}.Debug|Any CPU.ActiveCfg = Debug|Any CPU
		{9E87B6B0-8EA2-4B9F-89CB-02A2061B917B}.Debug|Any CPU.Build.0 = Debug|Any CPU
		{9E87B6B0-8EA2-4B9F-89CB-02A2061B917B}.Release|Any CPU.ActiveCfg = Release|Any CPU
		{9E87B6B0-8EA2-4B9F-89CB-02A2061B917B}.Release|Any CPU.Build.0 = Release|Any CPU
	EndGlobalSection
	GlobalSection(SolutionProperties) = preSolution
		HideSolutionNode = FALSE
	EndGlobalSection
	GlobalSection(ExtensibilityGlobals) = postSolution
		SolutionGuid = {957ECDFA-5524-4A4B-A740-4714121ACE58}
	EndGlobalSection
EndGlobal
